schema: '2.0'
stages:
  train:
    cmd: uv run python run_all.py
    deps:
    - path: conf/config.yaml
      hash: md5
      md5: 93dae5c4abf3b13c9529feec08aa9682
      size: 219
    - path: conf/data/titanic.yaml
      hash: md5
      md5: 7de95e2ead1b98fae151bbbffdd912d5
      size: 105
    - path: conf/features/titanic.yaml
      hash: md5
      md5: 4829d1e67c98e10cb0391cb1307b4a2b
      size: 234
    - path: conf/model/gradient_boosting.yaml
      hash: md5
      md5: 5e023e105345e27cde48f69017a9151c
      size: 92
    - path: conf/model/random_forest.yaml
      hash: md5
      md5: 186e5bbaf094d34cbd1e40974c101202
      size: 100
    - path: data/raw/train.csv
      hash: md5
      md5: 2309cc5f04782ed9bb6016d9f4e381cf
      size: 61194
    - path: main.py
      hash: md5
      md5: e977d7afd9e1c87be112b341c3b40565
      size: 1123
    - path: run_all.py
      hash: md5
      md5: 9f69e9ec7c325830de565c0a5b105643
      size: 173
    - path: src/training/data_loader.py
      hash: md5
      md5: 16c0c8bb15aa416752c9963dc2019ad8
      size: 371
    - path: src/training/feature_engineering.py
      hash: md5
      md5: 8ab3fb2be99df838190cb0eba6e28c05
      size: 1948
    - path: src/training/preprocessor.py
      hash: md5
      md5: edb69149089a079cf53d70dcceb256d1
      size: 1231
    - path: src/training/train.py
      hash: md5
      md5: b4243df9b14b6f8968b9cbe954515e03
      size: 2391
    params:
      conf/config.yaml:
        defaults:
        - data: titanic
        - features: titanic
        - model: random_forest
        - _self_
        hydra:
          run:
            dir: .
        pipeline:
          cv_folds: 5
          random_state: 42
          save_dir: models
    outs:
    - path: models/gradient_boosting.pkl
      hash: md5
      md5: 7b77a9bb8e371a142d2747bdc42d5b1c
      size: 398495
    - path: models/random_forest.pkl
      hash: md5
      md5: 85e3c57fd885cdfe4c7c69655c2c6f28
      size: 10637659
